<?xml version="1.0" encoding="UTF-8" standalone="yes" ?>
<CodeBlocks_project_file>
	<FileVersion major="1" minor="6" />
	<Project>
		<Option title="CG2015" />
		<Option pch_mode="2" />
		<Option compiler="gcc" />
		<Build>
			<Target title="Debug">
				<Option output="bin/Debug/CG2015" prefix_auto="1" extension_auto="1" />
				<Option object_output="obj/Debug/" />
				<Option type="1" />
				<Option compiler="gcc" />
				<Compiler>
					<Add option="-g" />
				</Compiler>
			</Target>
			<Target title="Release">
				<Option output="bin/Release/CG2015" prefix_auto="1" extension_auto="1" />
				<Option object_output="obj/Release/" />
				<Option type="0" />
				<Option compiler="gcc" />
				<Compiler>
					<Add option="-O2" />
				</Compiler>
				<Linker>
					<Add option="-s" />
				</Linker>
			</Target>
		</Build>
		<Compiler>
			<Add option="-Wall" />
		</Compiler>
		<Linker>
			<Add library="GL" />
			<Add library="X11" />
			<Add library="GLU" />
			<Add library="glut" />
		</Linker>
		<Unit filename="proj/Butter.cpp" />
		<Unit filename="proj/Butter.h" />
		<Unit filename="proj/Camera.cpp" />
		<Unit filename="proj/Camera.h" />
		<Unit filename="proj/Candle.cpp" />
		<Unit filename="proj/Candle.h" />
		<Unit filename="proj/Car.cpp" />
		<Unit filename="proj/Car.h" />
		<Unit filename="proj/Cheerio.cpp" />
		<Unit filename="proj/Cheerio.h" />
		<Unit filename="proj/DynamicObject.cpp" />
		<Unit filename="proj/DynamicObject.h" />
		<Unit filename="proj/Entity.cpp" />
		<Unit filename="proj/Entity.h" />
		<Unit filename="proj/GameManager.cpp" />
		<Unit filename="proj/GameManager.h" />
		<Unit filename="proj/GameObject.cpp" />
		<Unit filename="proj/GameObject.h" />
		<Unit filename="proj/Header.h" />
		<Unit filename="proj/LightSource.cpp" />
		<Unit filename="proj/LightSource.h" />
		<Unit filename="proj/Obstacle.cpp" />
		<Unit filename="proj/Obstacle.h" />
		<Unit filename="proj/Orange.cpp" />
		<Unit filename="proj/Orange.h" />
		<Unit filename="proj/OrthogonalCamera.cpp" />
		<Unit filename="proj/OrthogonalCamera.h" />
		<Unit filename="proj/PerspectiveCamera.cpp" />
		<Unit filename="proj/PerspectiveCamera.h" />
		<Unit filename="proj/StaticObject.cpp" />
		<Unit filename="proj/StaticObject.h" />
		<Unit filename="proj/Texture.cpp" />
		<Unit filename="proj/Texture.h" />
		<Unit filename="proj/Track.cpp" />
		<Unit filename="proj/Track.h" />
		<Unit filename="proj/Vector3.cpp" />
		<Unit filename="proj/Vector3.h" />
		<Unit filename="proj/Vector4.cpp" />
		<Unit filename="proj/Vector4.h" />
		<Unit filename="proj/main.cpp" />
		<Unit filename="proj/stdafx.cpp" />
		<Unit filename="proj/stdafx.h" />
		<Unit filename="proj/targetver.h" />
		<Extensions>
			<code_completion />
			<debugger />
		</Extensions>
	</Project>
</CodeBlocks_project_file>
